
Microsoft Visual Studio Solution File, Format Version 12.00
# Visual Studio Version 17
VisualStudioVersion = 17.9.34607.119
MinimumVisualStudioVersion = 10.0.40219.1
Project("{FAE04EC0-301F-11D3-BF4B-00C04F79EFBC}") = "BikeRepairAppointmentApi", "BikeRepairAppointmentApi\BikeRepairAppointmentApi.csproj", "{9E6ED20B-628B-421D-83DF-F2C30BF4CC74}"
EndProject
Global
	GlobalSection(SolutionConfigurationPlatforms) = preSolution
		Debug|Any CPU = Debug|Any CPU
		Release|Any CPU = Release|Any CPU
	EndGlobalSection
	GlobalSection(ProjectConfigurationPlatforms) = postSolution
		{9E6ED20B-628B-421D-83DF-F2C30BF4CC74}.Debug|Any CPU.ActiveCfg = Debug|Any CPU
		{9E6ED20B-628B-421D-83DF-F2C30BF4CC74}.Debug|Any CPU.Build.0 = Debug|Any CPU
		{9E6ED20B-628B-421D-83DF-F2C30BF4CC74}.Release|Any CPU.ActiveCfg = Release|Any CPU
		{9E6ED20B-628B-421D-83DF-F2C30BF4CC74}.Release|Any CPU.Build.0 = Release|Any CPU
	EndGlobalSection
	GlobalSection(SolutionProperties) = preSolution
		HideSolutionNode = FALSE
	EndGlobalSection
	GlobalSection(ExtensibilityGlobals) = postSolution
		SolutionGuid = {4B6F25B7-1F60-4E37-81DF-C09C01160A50}
	EndGlobalSection
EndGlobal
